
Microsoft Visual Studio Solution File, Format Version 12.00
# Visual Studio Version 16
VisualStudioVersion = 16.0.31605.320
MinimumVisualStudioVersion = 10.0.40219.1
Project("{FAE04EC0-301F-11D3-BF4B-00C04F79EFBC}") = "JohnConwaysGameOfLife", "JohnConwaysGameOfLife.csproj", "{FA7B3D0F-75B1-42A4-AF0A-0D7990BE90B1}"
EndProject
Global
	GlobalSection(SolutionConfigurationPlatforms) = preSolution
		Debug|Any CPU = Debug|Any CPU
		Release|Any CPU = Release|Any CPU
	EndGlobalSection
	GlobalSection(ProjectConfigurationPlatforms) = postSolution
		{FA7B3D0F-75B1-42A4-AF0A-0D7990BE90B1}.Debug|Any CPU.ActiveCfg = Debug|Any CPU
		{FA7B3D0F-75B1-42A4-AF0A-0D7990BE90B1}.Debug|Any CPU.Build.0 = Debug|Any CPU
		{FA7B3D0F-75B1-42A4-AF0A-0D7990BE90B1}.Release|Any CPU.ActiveCfg = Release|Any CPU
		{FA7B3D0F-75B1-42A4-AF0A-0D7990BE90B1}.Release|Any CPU.Build.0 = Release|Any CPU
	EndGlobalSection
	GlobalSection(SolutionProperties) = preSolution
		HideSolutionNode = FALSE
	EndGlobalSection
	GlobalSection(ExtensibilityGlobals) = postSolution
		SolutionGuid = {54E94173-15FC-4833-A546-7AC3F8E305BD}
	EndGlobalSection
EndGlobal
